
Microsoft Visual Studio Solution File, Format Version 12.00
# Visual Studio Version 17
VisualStudioVersion = 17.0.31903.59
MinimumVisualStudioVersion = 10.0.40219.1
Project("{2150E333-8FDC-42A3-9474-1A3956D46DE8}") = "src", "src", "{827E0CD3-B72D-47B6-A68D-7590B98EB39B}"
EndProject
Project("{FAE04EC0-301F-11D3-BF4B-00C04F79EFBC}") = "DotCode.Core", "src\DotCode.Core\DotCode.Core.csproj", "{9BA11D5D-A0C8-4217-9722-7D7D2C24B2A1}"
EndProject
Project("{FAE04EC0-301F-11D3-BF4B-00C04F79EFBC}") = "DotCode.Agent", "src\DotCode.Agent\DotCode.Agent.csproj", "{7F70D0ED-FF53-4CA6-911E-50E891E19235}"
EndProject
Project("{FAE04EC0-301F-11D3-BF4B-00C04F79EFBC}") = "DotCode.Tools", "src\DotCode.Tools\DotCode.Tools.csproj", "{65CF1B0B-216A-4BDF-9531-10D6DEA01297}"
EndProject
Project("{FAE04EC0-301F-11D3-BF4B-00C04F79EFBC}") = "DotCode.Providers", "src\DotCode.Providers\DotCode.Providers.csproj", "{17C6FCB8-8A56-486B-8336-FD15C515ACDB}"
EndProject
Project("{FAE04EC0-301F-11D3-BF4B-00C04F79EFBC}") = "DotCode.Server", "src\DotCode.Server\DotCode.Server.csproj", "{8F387A6D-AF84-4D96-BB80-0F5B901501E0}"
EndProject
Project("{FAE04EC0-301F-11D3-BF4B-00C04F79EFBC}") = "DotCode.Web", "src\DotCode.Web\DotCode.Web\DotCode.Web.csproj", "{9847FFB6-8FEB-4360-8FEB-6B99B9987B36}"
EndProject
Project("{FAE04EC0-301F-11D3-BF4B-00C04F79EFBC}") = "DotCode.Web.Client", "src\DotCode.Web\DotCode.Web.Client\DotCode.Web.Client.csproj", "{6A3A634C-A7A8-49C9-99FB-8A6F88A2A0E0}"
EndProject
Project("{FAE04EC0-301F-11D3-BF4B-00C04F79EFBC}") = "DotCode.Cli", "src\DotCode.Cli\DotCode.Cli.csproj", "{324718CF-4287-4CAD-9D9A-366FEBFB2C9B}"
EndProject
Project("{FAE04EC0-301F-11D3-BF4B-00C04F79EFBC}") = "DotCode.Core.Tests", "tests\DotCode.Core.Tests\DotCode.Core.Tests.csproj", "{F1FD42EB-07D4-426B-A64C-E86D2160716A}"
EndProject
Project("{2150E333-8FDC-42A3-9474-1A3956D46DE8}") = "tests", "tests", "{0AB3BF05-4346-4AA6-1389-037BE0695223}"
EndProject
Project("{FAE04EC0-301F-11D3-BF4B-00C04F79EFBC}") = "DotCode.Tools.Tests", "tests\DotCode.Tools.Tests\DotCode.Tools.Tests.csproj", "{A03C2F2D-5CF7-42E0-97F9-0874EE5C843B}"
EndProject
Global
	GlobalSection(SolutionConfigurationPlatforms) = preSolution
		Debug|Any CPU = Debug|Any CPU
		Debug|x64 = Debug|x64
		Debug|x86 = Debug|x86
		Release|Any CPU = Release|Any CPU
		Release|x64 = Release|x64
		Release|x86 = Release|x86
	EndGlobalSection
	GlobalSection(ProjectConfigurationPlatforms) = postSolution
		{9BA11D5D-A0C8-4217-9722-7D7D2C24B2A1}.Debug|Any CPU.ActiveCfg = Debug|Any CPU
		{9BA11D5D-A0C8-4217-9722-7D7D2C24B2A1}.Debug|Any CPU.Build.0 = Debug|Any CPU
		{9BA11D5D-A0C8-4217-9722-7D7D2C24B2A1}.Debug|x64.ActiveCfg = Debug|Any CPU
		{9BA11D5D-A0C8-4217-9722-7D7D2C24B2A1}.Debug|x64.Build.0 = Debug|Any CPU
		{9BA11D5D-A0C8-4217-9722-7D7D2C24B2A1}.Debug|x86.ActiveCfg = Debug|Any CPU
		{9BA11D5D-A0C8-4217-9722-7D7D2C24B2A1}.Debug|x86.Build.0 = Debug|Any CPU
		{9BA11D5D-A0C8-4217-9722-7D7D2C24B2A1}.Release|Any CPU.ActiveCfg = Release|Any CPU
		{9BA11D5D-A0C8-4217-9722-7D7D2C24B2A1}.Release|Any CPU.Build.0 = Release|Any CPU
		{9BA11D5D-A0C8-4217-9722-7D7D2C24B2A1}.Release|x64.ActiveCfg = Release|Any CPU
		{9BA11D5D-A0C8-4217-9722-7D7D2C24B2A1}.Release|x64.Build.0 = Release|Any CPU
		{9BA11D5D-A0C8-4217-9722-7D7D2C24B2A1}.Release|x86.ActiveCfg = Release|Any CPU
		{9BA11D5D-A0C8-4217-9722-7D7D2C24B2A1}.Release|x86.Build.0 = Release|Any CPU
		{7F70D0ED-FF53-4CA6-911E-50E891E19235}.Debug|Any CPU.ActiveCfg = Debug|Any CPU
		{7F70D0ED-FF53-4CA6-911E-50E891E19235}.Debug|Any CPU.Build.0 = Debug|Any CPU
		{7F70D0ED-FF53-4CA6-911E-50E891E19235}.Debug|x64.ActiveCfg = Debug|Any CPU
		{7F70D0ED-FF53-4CA6-911E-50E891E19235}.Debug|x64.Build.0 = Debug|Any CPU
		{7F70D0ED-FF53-4CA6-911E-50E891E19235}.Debug|x86.ActiveCfg = Debug|Any CPU
		{7F70D0ED-FF53-4CA6-911E-50E891E19235}.Debug|x86.Build.0 = Debug|Any CPU
		{7F70D0ED-FF53-4CA6-911E-50E891E19235}.Release|Any CPU.ActiveCfg = Release|Any CPU
		{7F70D0ED-FF53-4CA6-911E-50E891E19235}.Release|Any CPU.Build.0 = Release|Any CPU
		{7F70D0ED-FF53-4CA6-911E-50E891E19235}.Release|x64.ActiveCfg = Release|Any CPU
		{7F70D0ED-FF53-4CA6-911E-50E891E19235}.Release|x64.Build.0 = Release|Any CPU
		{7F70D0ED-FF53-4CA6-911E-50E891E19235}.Release|x86.ActiveCfg = Release|Any CPU
		{7F70D0ED-FF53-4CA6-911E-50E891E19235}.Release|x86.Build.0 = Release|Any CPU
		{65CF1B0B-216A-4BDF-9531-10D6DEA01297}.Debug|Any CPU.ActiveCfg = Debug|Any CPU
		{65CF1B0B-216A-4BDF-9531-10D6DEA01297}.Debug|Any CPU.Build.0 = Debug|Any CPU
		{65CF1B0B-216A-4BDF-9531-10D6DEA01297}.Debug|x64.ActiveCfg = Debug|Any CPU
		{65CF1B0B-216A-4BDF-9531-10D6DEA01297}.Debug|x64.Build.0 = Debug|Any CPU
		{65CF1B0B-216A-4BDF-9531-10D6DEA01297}.Debug|x86.ActiveCfg = Debug|Any CPU
		{65CF1B0B-216A-4BDF-9531-10D6DEA01297}.Debug|x86.Build.0 = Debug|Any CPU
		{65CF1B0B-216A-4BDF-9531-10D6DEA01297}.Release|Any CPU.ActiveCfg = Release|Any CPU
		{65CF1B0B-216A-4BDF-9531-10D6DEA01297}.Release|Any CPU.Build.0 = Release|Any CPU
		{65CF1B0B-216A-4BDF-9531-10D6DEA01297}.Release|x64.ActiveCfg = Release|Any CPU
		{65CF1B0B-216A-4BDF-9531-10D6DEA01297}.Release|x64.Build.0 = Release|Any CPU
		{65CF1B0B-216A-4BDF-9531-10D6DEA01297}.Release|x86.ActiveCfg = Release|Any CPU
		{65CF1B0B-216A-4BDF-9531-10D6DEA01297}.Release|x86.Build.0 = Release|Any CPU
		{17C6FCB8-8A56-486B-8336-FD15C515ACDB}.Debug|Any CPU.ActiveCfg = Debug|Any CPU
		{17C6FCB8-8A56-486B-8336-FD15C515ACDB}.Debug|Any CPU.Build.0 = Debug|Any CPU
		{17C6FCB8-8A56-486B-8336-FD15C515ACDB}.Debug|x64.ActiveCfg = Debug|Any CPU
		{17C6FCB8-8A56-486B-8336-FD15C515ACDB}.Debug|x64.Build.0 = Debug|Any CPU
		{17C6FCB8-8A56-486B-8336-FD15C515ACDB}.Debug|x86.ActiveCfg = Debug|Any CPU
		{17C6FCB8-8A56-486B-8336-FD15C515ACDB}.Debug|x86.Build.0 = Debug|Any CPU
		{17C6FCB8-8A56-486B-8336-FD15C515ACDB}.Release|Any CPU.ActiveCfg = Release|Any CPU
		{17C6FCB8-8A56-486B-8336-FD15C515ACDB}.Release|Any CPU.Build.0 = Release|Any CPU
		{17C6FCB8-8A56-486B-8336-FD15C515ACDB}.Release|x64.ActiveCfg = Release|Any CPU
		{17C6FCB8-8A56-486B-8336-FD15C515ACDB}.Release|x64.Build.0 = Release|Any CPU
		{17C6FCB8-8A56-486B-8336-FD15C515ACDB}.Release|x86.ActiveCfg = Release|Any CPU
		{17C6FCB8-8A56-486B-8336-FD15C515ACDB}.Release|x86.Build.0 = Release|Any CPU
		{8F387A6D-AF84-4D96-BB80-0F5B901501E0}.Debug|Any CPU.ActiveCfg = Debug|Any CPU
		{8F387A6D-AF84-4D96-BB80-0F5B901501E0}.Debug|Any CPU.Build.0 = Debug|Any CPU
		{8F387A6D-AF84-4D96-BB80-0F5B901501E0}.Debug|x64.ActiveCfg = Debug|Any CPU
		{8F387A6D-AF84-4D96-BB80-0F5B901501E0}.Debug|x64.Build.0 = Debug|Any CPU
		{8F387A6D-AF84-4D96-BB80-0F5B901501E0}.Debug|x86.ActiveCfg = Debug|Any CPU
		{8F387A6D-AF84-4D96-BB80-0F5B901501E0}.Debug|x86.Build.0 = Debug|Any CPU
		{8F387A6D-AF84-4D96-BB80-0F5B901501E0}.Release|Any CPU.ActiveCfg = Release|Any CPU
		{8F387A6D-AF84-4D96-BB80-0F5B901501E0}.Release|Any CPU.Build.0 = Release|Any CPU
		{8F387A6D-AF84-4D96-BB80-0F5B901501E0}.Release|x64.ActiveCfg = Release|Any CPU
		{8F387A6D-AF84-4D96-BB80-0F5B901501E0}.Release|x64.Build.0 = Release|Any CPU
		{8F387A6D-AF84-4D96-BB80-0F5B901501E0}.Release|x86.ActiveCfg = Release|Any CPU
		{8F387A6D-AF84-4D96-BB80-0F5B901501E0}.Release|x86.Build.0 = Release|Any CPU
		{9847FFB6-8FEB-4360-8FEB-6B99B9987B36}.Debug|Any CPU.ActiveCfg = Debug|Any CPU
		{9847FFB6-8FEB-4360-8FEB-6B99B9987B36}.Debug|Any CPU.Build.0 = Debug|Any CPU
		{9847FFB6-8FEB-4360-8FEB-6B99B9987B36}.Debug|x64.ActiveCfg = Debug|Any CPU
		{9847FFB6-8FEB-4360-8FEB-6B99B9987B36}.Debug|x64.Build.0 = Debug|Any CPU
		{9847FFB6-8FEB-4360-8FEB-6B99B9987B36}.Debug|x86.ActiveCfg = Debug|Any CPU
		{9847FFB6-8FEB-4360-8FEB-6B99B9987B36}.Debug|x86.Build.0 = Debug|Any CPU
		{9847FFB6-8FEB-4360-8FEB-6B99B9987B36}.Release|Any CPU.ActiveCfg = Release|Any CPU
		{9847FFB6-8FEB-4360-8FEB-6B99B9987B36}.Release|Any CPU.Build.0 = Release|Any CPU
		{9847FFB6-8FEB-4360-8FEB-6B99B9987B36}.Release|x64.ActiveCfg = Release|Any CPU
		{9847FFB6-8FEB-4360-8FEB-6B99B9987B36}.Release|x64.Build.0 = Release|Any CPU
		{9847FFB6-8FEB-4360-8FEB-6B99B9987B36}.Release|x86.ActiveCfg = Release|Any CPU
		{9847FFB6-8FEB-4360-8FEB-6B99B9987B36}.Release|x86.Build.0 = Release|Any CPU
		{6A3A634C-A7A8-49C9-99FB-8A6F88A2A0E0}.Debug|Any CPU.ActiveCfg = Debug|Any CPU
		{6A3A634C-A7A8-49C9-99FB-8A6F88A2A0E0}.Debug|Any CPU.Build.0 = Debug|Any CPU
		{6A3A634C-A7A8-49C9-99FB-8A6F88A2A0E0}.Debug|x64.ActiveCfg = Debug|Any CPU
		{6A3A634C-A7A8-49C9-99FB-8A6F88A2A0E0}.Debug|x64.Build.0 = Debug|Any CPU
		{6A3A634C-A7A8-49C9-99FB-8A6F88A2A0E0}.Debug|x86.ActiveCfg = Debug|Any CPU
		{6A3A634C-A7A8-49C9-99FB-8A6F88A2A0E0}.Debug|x86.Build.0 = Debug|Any CPU
		{6A3A634C-A7A8-49C9-99FB-8A6F88A2A0E0}.Release|Any CPU.ActiveCfg = Release|Any CPU
		{6A3A634C-A7A8-49C9-99FB-8A6F88A2A0E0}.Release|Any CPU.Build.0 = Release|Any CPU
		{6A3A634C-A7A8-49C9-99FB-8A6F88A2A0E0}.Release|x64.ActiveCfg = Release|Any CPU
		{6A3A634C-A7A8-49C9-99FB-8A6F88A2A0E0}.Release|x64.Build.0 = Release|Any CPU
		{6A3A634C-A7A8-49C9-99FB-8A6F88A2A0E0}.Release|x86.ActiveCfg = Release|Any CPU
		{6A3A634C-A7A8-49C9-99FB-8A6F88A2A0E0}.Release|x86.Build.0 = Release|Any CPU
		{324718CF-4287-4CAD-9D9A-366FEBFB2C9B}.Debug|Any CPU.ActiveCfg = Debug|Any CPU
		{324718CF-4287-4CAD-9D9A-366FEBFB2C9B}.Debug|Any CPU.Build.0 = Debug|Any CPU
		{324718CF-4287-4CAD-9D9A-366FEBFB2C9B}.Debug|x64.ActiveCfg = Debug|Any CPU
		{324718CF-4287-4CAD-9D9A-366FEBFB2C9B}.Debug|x64.Build.0 = Debug|Any CPU
		{324718CF-4287-4CAD-9D9A-366FEBFB2C9B}.Debug|x86.ActiveCfg = Debug|Any CPU
		{324718CF-4287-4CAD-9D9A-366FEBFB2C9B}.Debug|x86.Build.0 = Debug|Any CPU
		{324718CF-4287-4CAD-9D9A-366FEBFB2C9B}.Release|Any CPU.ActiveCfg = Release|Any CPU
		{324718CF-4287-4CAD-9D9A-366FEBFB2C9B}.Release|Any CPU.Build.0 = Release|Any CPU
		{324718CF-4287-4CAD-9D9A-366FEBFB2C9B}.Release|x64.ActiveCfg = Release|Any CPU
		{324718CF-4287-4CAD-9D9A-366FEBFB2C9B}.Release|x64.Build.0 = Release|Any CPU
		{324718CF-4287-4CAD-9D9A-366FEBFB2C9B}.Release|x86.ActiveCfg = Release|Any CPU
		{324718CF-4287-4CAD-9D9A-366FEBFB2C9B}.Release|x86.Build.0 = Release|Any CPU
		{F1FD42EB-07D4-426B-A64C-E86D2160716A}.Debug|Any CPU.ActiveCfg = Debug|Any CPU
		{F1FD42EB-07D4-426B-A64C-E86D2160716A}.Debug|Any CPU.Build.0 = Debug|Any CPU
		{F1FD42EB-07D4-426B-A64C-E86D2160716A}.Debug|x64.ActiveCfg = Debug|Any CPU
		{F1FD42EB-07D4-426B-A64C-E86D2160716A}.Debug|x64.Build.0 = Debug|Any CPU
		{F1FD42EB-07D4-426B-A64C-E86D2160716A}.Debug|x86.ActiveCfg = Debug|Any CPU
		{F1FD42EB-07D4-426B-A64C-E86D2160716A}.Debug|x86.Build.0 = Debug|Any CPU
		{F1FD42EB-07D4-426B-A64C-E86D2160716A}.Release|Any CPU.ActiveCfg = Release|Any CPU
		{F1FD42EB-07D4-426B-A64C-E86D2160716A}.Release|Any CPU.Build.0 = Release|Any CPU
		{F1FD42EB-07D4-426B-A64C-E86D2160716A}.Release|x64.ActiveCfg = Release|Any CPU
		{F1FD42EB-07D4-426B-A64C-E86D2160716A}.Release|x64.Build.0 = Release|Any CPU
		{F1FD42EB-07D4-426B-A64C-E86D2160716A}.Release|x86.ActiveCfg = Release|Any CPU
		{F1FD42EB-07D4-426B-A64C-E86D2160716A}.Release|x86.Build.0 = Release|Any CPU
		{A03C2F2D-5CF7-42E0-97F9-0874EE5C843B}.Debug|Any CPU.ActiveCfg = Debug|Any CPU
		{A03C2F2D-5CF7-42E0-97F9-0874EE5C843B}.Debug|Any CPU.Build.0 = Debug|Any CPU
		{A03C2F2D-5CF7-42E0-97F9-0874EE5C843B}.Debug|x64.ActiveCfg = Debug|Any CPU
		{A03C2F2D-5CF7-42E0-97F9-0874EE5C843B}.Debug|x64.Build.0 = Debug|Any CPU
		{A03C2F2D-5CF7-42E0-97F9-0874EE5C843B}.Debug|x86.ActiveCfg = Debug|Any CPU
		{A03C2F2D-5CF7-42E0-97F9-0874EE5C843B}.Debug|x86.Build.0 = Debug|Any CPU
		{A03C2F2D-5CF7-42E0-97F9-0874EE5C843B}.Release|Any CPU.ActiveCfg = Release|Any CPU
		{A03C2F2D-5CF7-42E0-97F9-0874EE5C843B}.Release|Any CPU.Build.0 = Release|Any CPU
		{A03C2F2D-5CF7-42E0-97F9-0874EE5C843B}.Release|x64.ActiveCfg = Release|Any CPU
		{A03C2F2D-5CF7-42E0-97F9-0874EE5C843B}.Release|x64.Build.0 = Release|Any CPU
		{A03C2F2D-5CF7-42E0-97F9-0874EE5C843B}.Release|x86.ActiveCfg = Release|Any CPU
		{A03C2F2D-5CF7-42E0-97F9-0874EE5C843B}.Release|x86.Build.0 = Release|Any CPU
	EndGlobalSection
	GlobalSection(SolutionProperties) = preSolution
		HideSolutionNode = FALSE
	EndGlobalSection
	GlobalSection(NestedProjects) = preSolution
		{9BA11D5D-A0C8-4217-9722-7D7D2C24B2A1} = {827E0CD3-B72D-47B6-A68D-7590B98EB39B}
		{7F70D0ED-FF53-4CA6-911E-50E891E19235} = {827E0CD3-B72D-47B6-A68D-7590B98EB39B}
		{65CF1B0B-216A-4BDF-9531-10D6DEA01297} = {827E0CD3-B72D-47B6-A68D-7590B98EB39B}
		{17C6FCB8-8A56-486B-8336-FD15C515ACDB} = {827E0CD3-B72D-47B6-A68D-7590B98EB39B}
		{8F387A6D-AF84-4D96-BB80-0F5B901501E0} = {827E0CD3-B72D-47B6-A68D-7590B98EB39B}
		{9847FFB6-8FEB-4360-8FEB-6B99B9987B36} = {827E0CD3-B72D-47B6-A68D-7590B98EB39B}
		{6A3A634C-A7A8-49C9-99FB-8A6F88A2A0E0} = {827E0CD3-B72D-47B6-A68D-7590B98EB39B}
		{324718CF-4287-4CAD-9D9A-366FEBFB2C9B} = {827E0CD3-B72D-47B6-A68D-7590B98EB39B}
		{F1FD42EB-07D4-426B-A64C-E86D2160716A} = {827E0CD3-B72D-47B6-A68D-7590B98EB39B}
		{A03C2F2D-5CF7-42E0-97F9-0874EE5C843B} = {0AB3BF05-4346-4AA6-1389-037BE0695223}
	EndGlobalSection
EndGlobal
